
Microsoft Visual Studio Solution File, Format Version 12.00
# Visual Studio Version 17
VisualStudioVersion = 17.4.33110.190
MinimumVisualStudioVersion = 10.0.40219.1
Project("{FAE04EC0-301F-11D3-BF4B-00C04F79EFBC}") = "ai-caro", "ai-caro\ai-caro.csproj", "{FF3059A4-8B5C-4401-BC77-8F10C25830B6}"
EndProject
Global
	GlobalSection(SolutionConfigurationPlatforms) = preSolution
		Debug|Any CPU = Debug|Any CPU
		Release|Any CPU = Release|Any CPU
	EndGlobalSection
	GlobalSection(ProjectConfigurationPlatforms) = postSolution
		{FF3059A4-8B5C-4401-BC77-8F10C25830B6}.Debug|Any CPU.ActiveCfg = Debug|Any CPU
		{FF3059A4-8B5C-4401-BC77-8F10C25830B6}.Debug|Any CPU.Build.0 = Debug|Any CPU
		{FF3059A4-8B5C-4401-BC77-8F10C25830B6}.Release|Any CPU.ActiveCfg = Release|Any CPU
		{FF3059A4-8B5C-4401-BC77-8F10C25830B6}.Release|Any CPU.Build.0 = Release|Any CPU
	EndGlobalSection
	GlobalSection(SolutionProperties) = preSolution
		HideSolutionNode = FALSE
	EndGlobalSection
	GlobalSection(ExtensibilityGlobals) = postSolution
		SolutionGuid = {2EE49A9C-FCD9-4631-BE4A-06682217ADA1}
	EndGlobalSection
EndGlobal
